// !$*UTF8*$!
{
	archiveVersion = 1;
	classes = {
	};
	objectVersion = 55;
	objects = {

/* Begin PBXBuildFile section */
		0D763F8B27F318080054ADAF /* fleksytvApp.swift in Sources */ = {isa = PBXBuildFile; fileRef = 0D763F8A27F318080054ADAF /* fleksytvApp.swift */; };
		0D763F8D27F318080054ADAF /* ContentView.swift in Sources */ = {isa = PBXBuildFile; fileRef = 0D763F8C27F318080054ADAF /* ContentView.swift */; };
		0D763F8F27F318090054ADAF /* Assets.xcassets in Resources */ = {isa = PBXBuildFile; fileRef = 0D763F8E27F318090054ADAF /* Assets.xcassets */; };
		0D763F9227F318090054ADAF /* Preview Assets.xcassets in Resources */ = {isa = PBXBuildFile; fileRef = 0D763F9127F318090054ADAF /* Preview Assets.xcassets */; };
		0D763F9C27F318090054ADAF /* fleksytvTests.swift in Sources */ = {isa = PBXBuildFile; fileRef = 0D763F9B27F318090054ADAF /* fleksytvTests.swift */; };
		0D763FA627F318090054ADAF /* fleksytvUITests.swift in Sources */ = {isa = PBXBuildFile; fileRef = 0D763FA527F318090054ADAF /* fleksytvUITests.swift */; };
		0D763FA827F318090054ADAF /* fleksytvUITestsLaunchTests.swift in Sources */ = {isa = PBXBuildFile; fileRef = 0D763FA727F318090054ADAF /* fleksytvUITestsLaunchTests.swift */; };
		0D8C0F6E27F3390D00F480D9 /* APIRoutes.swift in Sources */ = {isa = PBXBuildFile; fileRef = 0D8C0F6D27F3390D00F480D9 /* APIRoutes.swift */; };
		0D8C0F7527F352F900F480D9 /* TVShow.swift in Sources */ = {isa = PBXBuildFile; fileRef = 0D8C0F7427F352F900F480D9 /* TVShow.swift */; };
		0D8C0F7727F35B8200F480D9 /* Configuration.swift in Sources */ = {isa = PBXBuildFile; fileRef = 0D8C0F7627F35B8200F480D9 /* Configuration.swift */; };
		0D8C0F8327F3627300F480D9 /* UserDefaults+Extension.swift in Sources */ = {isa = PBXBuildFile; fileRef = 0D8C0F8227F3627300F480D9 /* UserDefaults+Extension.swift */; };
		0D8C0F8627F36E8700F480D9 /* Genre.swift in Sources */ = {isa = PBXBuildFile; fileRef = 0D8C0F8527F36E8700F480D9 /* Genre.swift */; };
		0D8C0F8C27F371F000F480D9 /* TopRatedTVShowsResponse.swift in Sources */ = {isa = PBXBuildFile; fileRef = 0D8C0F8B27F371F000F480D9 /* TopRatedTVShowsResponse.swift */; };
		0D8C0F8E27F373AF00F480D9 /* GetGenresResponse.swift in Sources */ = {isa = PBXBuildFile; fileRef = 0D8C0F8D27F373AF00F480D9 /* GetGenresResponse.swift */; };
		0D8C0F9227F428C100F480D9 /* UIAppDelegate.swift in Sources */ = {isa = PBXBuildFile; fileRef = 0D8C0F9127F428C100F480D9 /* UIAppDelegate.swift */; };
		0D8C0F9527F42A9B00F480D9 /* APIServerProtocol.swift in Sources */ = {isa = PBXBuildFile; fileRef = 0D8C0F9427F42A9B00F480D9 /* APIServerProtocol.swift */; };
		0D8C0F9727F42B3000F480D9 /* APIServer.swift in Sources */ = {isa = PBXBuildFile; fileRef = 0D8C0F9627F42B3000F480D9 /* APIServer.swift */; };
		0D8C0F9C27F4550500F480D9 /* String+Extensions.swift in Sources */ = {isa = PBXBuildFile; fileRef = 0D8C0F9B27F4550500F480D9 /* String+Extensions.swift */; };
		0D8C0FA327F4819800F480D9 /* TVShowsView.swift in Sources */ = {isa = PBXBuildFile; fileRef = 0D8C0FA227F4819800F480D9 /* TVShowsView.swift */; };
		0D8C0FA527F482C600F480D9 /* TVShowItemView.swift in Sources */ = {isa = PBXBuildFile; fileRef = 0D8C0FA427F482C600F480D9 /* TVShowItemView.swift */; };
		0D90C36B27F48C5400E12ABF /* FleksyImage.swift in Sources */ = {isa = PBXBuildFile; fileRef = 0D90C36A27F48C5400E12ABF /* FleksyImage.swift */; };
		0D90C37627F4C3D600E12ABF /* TVShowDetailsView.swift in Sources */ = {isa = PBXBuildFile; fileRef = 0D90C37527F4C3D600E12ABF /* TVShowDetailsView.swift */; };
		0DFA756A27F4E1DA001AD339 /* SimilarShowsSlidesView.swift in Sources */ = {isa = PBXBuildFile; fileRef = 0DFA756927F4E1DA001AD339 /* SimilarShowsSlidesView.swift */; };
/* End PBXBuildFile section */

/* Begin PBXContainerItemProxy section */
		0D763F9827F318090054ADAF /* PBXContainerItemProxy */ = {
			isa = PBXContainerItemProxy;
			containerPortal = 0D763F7F27F318080054ADAF /* Project object */;
			proxyType = 1;
			remoteGlobalIDString = 0D763F8627F318080054ADAF;
			remoteInfo = fleksytv;
		};
		0D763FA227F318090054ADAF /* PBXContainerItemProxy */ = {
			isa = PBXContainerItemProxy;
			containerPortal = 0D763F7F27F318080054ADAF /* Project object */;
			proxyType = 1;
			remoteGlobalIDString = 0D763F8627F318080054ADAF;
			remoteInfo = fleksytv;
		};
/* End PBXContainerItemProxy section */

/* Begin PBXFileReference section */
		0D763F8727F318080054ADAF /* fleksytv.app */ = {isa = PBXFileReference; explicitFileType = wrapper.application; includeInIndex = 0; path = fleksytv.app; sourceTree = BUILT_PRODUCTS_DIR; };
		0D763F8A27F318080054ADAF /* fleksytvApp.swift */ = {isa = PBXFileReference; lastKnownFileType = sourcecode.swift; path = fleksytvApp.swift; sourceTree = "<group>"; };
		0D763F8C27F318080054ADAF /* ContentView.swift */ = {isa = PBXFileReference; lastKnownFileType = sourcecode.swift; path = ContentView.swift; sourceTree = "<group>"; };
		0D763F8E27F318090054ADAF /* Assets.xcassets */ = {isa = PBXFileReference; lastKnownFileType = folder.assetcatalog; path = Assets.xcassets; sourceTree = "<group>"; };
		0D763F9127F318090054ADAF /* Preview Assets.xcassets */ = {isa = PBXFileReference; lastKnownFileType = folder.assetcatalog; path = "Preview Assets.xcassets"; sourceTree = "<group>"; };
		0D763F9727F318090054ADAF /* fleksytvTests.xctest */ = {isa = PBXFileReference; explicitFileType = wrapper.cfbundle; includeInIndex = 0; path = fleksytvTests.xctest; sourceTree = BUILT_PRODUCTS_DIR; };
		0D763F9B27F318090054ADAF /* fleksytvTests.swift */ = {isa = PBXFileReference; lastKnownFileType = sourcecode.swift; path = fleksytvTests.swift; sourceTree = "<group>"; };
		0D763FA127F318090054ADAF /* fleksytvUITests.xctest */ = {isa = PBXFileReference; explicitFileType = wrapper.cfbundle; includeInIndex = 0; path = fleksytvUITests.xctest; sourceTree = BUILT_PRODUCTS_DIR; };
		0D763FA527F318090054ADAF /* fleksytvUITests.swift */ = {isa = PBXFileReference; lastKnownFileType = sourcecode.swift; path = fleksytvUITests.swift; sourceTree = "<group>"; };
		0D763FA727F318090054ADAF /* fleksytvUITestsLaunchTests.swift */ = {isa = PBXFileReference; lastKnownFileType = sourcecode.swift; path = fleksytvUITestsLaunchTests.swift; sourceTree = "<group>"; };
		0D8C0F6D27F3390D00F480D9 /* APIRoutes.swift */ = {isa = PBXFileReference; lastKnownFileType = sourcecode.swift; path = APIRoutes.swift; sourceTree = "<group>"; };
		0D8C0F7427F352F900F480D9 /* TVShow.swift */ = {isa = PBXFileReference; lastKnownFileType = sourcecode.swift; path = TVShow.swift; sourceTree = "<group>"; };
		0D8C0F7627F35B8200F480D9 /* Configuration.swift */ = {isa = PBXFileReference; lastKnownFileType = sourcecode.swift; path = Configuration.swift; sourceTree = "<group>"; };
		0D8C0F8227F3627300F480D9 /* UserDefaults+Extension.swift */ = {isa = PBXFileReference; lastKnownFileType = sourcecode.swift; path = "UserDefaults+Extension.swift"; sourceTree = "<group>"; };
		0D8C0F8527F36E8700F480D9 /* Genre.swift */ = {isa = PBXFileReference; lastKnownFileType = sourcecode.swift; path = Genre.swift; sourceTree = "<group>"; };
		0D8C0F8B27F371F000F480D9 /* TopRatedTVShowsResponse.swift */ = {isa = PBXFileReference; lastKnownFileType = sourcecode.swift; path = TopRatedTVShowsResponse.swift; sourceTree = "<group>"; };
		0D8C0F8D27F373AF00F480D9 /* GetGenresResponse.swift */ = {isa = PBXFileReference; lastKnownFileType = sourcecode.swift; path = GetGenresResponse.swift; sourceTree = "<group>"; };
		0D8C0F9127F428C100F480D9 /* UIAppDelegate.swift */ = {isa = PBXFileReference; lastKnownFileType = sourcecode.swift; path = UIAppDelegate.swift; sourceTree = "<group>"; };
		0D8C0F9427F42A9B00F480D9 /* APIServerProtocol.swift */ = {isa = PBXFileReference; lastKnownFileType = sourcecode.swift; path = APIServerProtocol.swift; sourceTree = "<group>"; };
		0D8C0F9627F42B3000F480D9 /* APIServer.swift */ = {isa = PBXFileReference; lastKnownFileType = sourcecode.swift; path = APIServer.swift; sourceTree = "<group>"; };
		0D8C0F9B27F4550500F480D9 /* String+Extensions.swift */ = {isa = PBXFileReference; lastKnownFileType = sourcecode.swift; path = "String+Extensions.swift"; sourceTree = "<group>"; };
		0D8C0FA227F4819800F480D9 /* TVShowsView.swift */ = {isa = PBXFileReference; lastKnownFileType = sourcecode.swift; path = TVShowsView.swift; sourceTree = "<group>"; };
		0D8C0FA427F482C600F480D9 /* TVShowItemView.swift */ = {isa = PBXFileReference; lastKnownFileType = sourcecode.swift; path = TVShowItemView.swift; sourceTree = "<group>"; };
		0D90C36A27F48C5400E12ABF /* FleksyImage.swift */ = {isa = PBXFileReference; lastKnownFileType = sourcecode.swift; path = FleksyImage.swift; sourceTree = "<group>"; };
		0D90C37527F4C3D600E12ABF /* TVShowDetailsView.swift */ = {isa = PBXFileReference; lastKnownFileType = sourcecode.swift; path = TVShowDetailsView.swift; sourceTree = "<group>"; };
		0DFA756927F4E1DA001AD339 /* SimilarShowsSlidesView.swift */ = {isa = PBXFileReference; lastKnownFileType = sourcecode.swift; path = SimilarShowsSlidesView.swift; sourceTree = "<group>"; };
/* End PBXFileReference section */

/* Begin PBXFrameworksBuildPhase section */
		0D763F8427F318080054ADAF /* Frameworks */ = {
			isa = PBXFrameworksBuildPhase;
			buildActionMask = 2147483647;
			files = (
			);
			runOnlyForDeploymentPostprocessing = 0;
		};
		0D763F9427F318090054ADAF /* Frameworks */ = {
			isa = PBXFrameworksBuildPhase;
			buildActionMask = 2147483647;
			files = (
			);
			runOnlyForDeploymentPostprocessing = 0;
		};
		0D763F9E27F318090054ADAF /* Frameworks */ = {
			isa = PBXFrameworksBuildPhase;
			buildActionMask = 2147483647;
			files = (
			);
			runOnlyForDeploymentPostprocessing = 0;
		};
/* End PBXFrameworksBuildPhase section */

/* Begin PBXGroup section */
		0D763F7E27F318080054ADAF = {
			isa = PBXGroup;
			children = (
				0D763F8927F318080054ADAF /* fleksytv */,
				0D763F9A27F318090054ADAF /* fleksytvTests */,
				0D763FA427F318090054ADAF /* fleksytvUITests */,
				0D763F8827F318080054ADAF /* Products */,
			);
			sourceTree = "<group>";
		};
		0D763F8827F318080054ADAF /* Products */ = {
			isa = PBXGroup;
			children = (
				0D763F8727F318080054ADAF /* fleksytv.app */,
				0D763F9727F318090054ADAF /* fleksytvTests.xctest */,
				0D763FA127F318090054ADAF /* fleksytvUITests.xctest */,
			);
			name = Products;
			sourceTree = "<group>";
		};
		0D763F8927F318080054ADAF /* fleksytv */ = {
			isa = PBXGroup;
			children = (
				0D90C36C27F48E5600E12ABF /* Resources */,
				0D8C0F9F27F45A2600F480D9 /* UI */,
				0D8C0F9927F454F500F480D9 /* Utils */,
				0D8C0F6C27F3390300F480D9 /* Networking */,
				0D763F8A27F318080054ADAF /* fleksytvApp.swift */,
				0D763F8C27F318080054ADAF /* ContentView.swift */,
				0D763F9027F318090054ADAF /* Preview Content */,
			);
			path = fleksytv;
			sourceTree = "<group>";
		};
		0D763F9027F318090054ADAF /* Preview Content */ = {
			isa = PBXGroup;
			children = (
				0D763F9127F318090054ADAF /* Preview Assets.xcassets */,
			);
			path = "Preview Content";
			sourceTree = "<group>";
		};
		0D763F9A27F318090054ADAF /* fleksytvTests */ = {
			isa = PBXGroup;
			children = (
				0D763F9B27F318090054ADAF /* fleksytvTests.swift */,
			);
			path = fleksytvTests;
			sourceTree = "<group>";
		};
		0D763FA427F318090054ADAF /* fleksytvUITests */ = {
			isa = PBXGroup;
			children = (
				0D763FA527F318090054ADAF /* fleksytvUITests.swift */,
				0D763FA727F318090054ADAF /* fleksytvUITestsLaunchTests.swift */,
			);
			path = fleksytvUITests;
			sourceTree = "<group>";
		};
		0D8C0F6C27F3390300F480D9 /* Networking */ = {
			isa = PBXGroup;
			children = (
				0D8C0F9327F42A8B00F480D9 /* Server */,
				0D8C0F7827F3612500F480D9 /* Storage */,
				0D8C0F7327F352EB00F480D9 /* Models */,
				0D8C0F6D27F3390D00F480D9 /* APIRoutes.swift */,
			);
			path = Networking;
			sourceTree = "<group>";
		};
		0D8C0F7327F352EB00F480D9 /* Models */ = {
			isa = PBXGroup;
			children = (
				0D8C0F8A27F371CE00F480D9 /* Response Models */,
				0D8C0F8727F371B300F480D9 /* Data Models */,
			);
			path = Models;
			sourceTree = "<group>";
		};
		0D8C0F7827F3612500F480D9 /* Storage */ = {
			isa = PBXGroup;
			children = (
				0D8C0F8127F3625F00F480D9 /* UserDefaults */,
			);
			path = Storage;
			sourceTree = "<group>";
		};
		0D8C0F8127F3625F00F480D9 /* UserDefaults */ = {
			isa = PBXGroup;
			children = (
				0D8C0F8227F3627300F480D9 /* UserDefaults+Extension.swift */,
			);
			path = UserDefaults;
			sourceTree = "<group>";
		};
		0D8C0F8727F371B300F480D9 /* Data Models */ = {
			isa = PBXGroup;
			children = (
				0D8C0F7427F352F900F480D9 /* TVShow.swift */,
				0D8C0F7627F35B8200F480D9 /* Configuration.swift */,
				0D8C0F8527F36E8700F480D9 /* Genre.swift */,
			);
			path = "Data Models";
			sourceTree = "<group>";
		};
		0D8C0F8A27F371CE00F480D9 /* Response Models */ = {
			isa = PBXGroup;
			children = (
				0D8C0F8B27F371F000F480D9 /* TopRatedTVShowsResponse.swift */,
				0D8C0F8D27F373AF00F480D9 /* GetGenresResponse.swift */,
			);
			path = "Response Models";
			sourceTree = "<group>";
		};
		0D8C0F9327F42A8B00F480D9 /* Server */ = {
			isa = PBXGroup;
			children = (
				0D8C0F9427F42A9B00F480D9 /* APIServerProtocol.swift */,
				0D8C0F9627F42B3000F480D9 /* APIServer.swift */,
			);
			path = Server;
			sourceTree = "<group>";
		};
		0D8C0F9927F454F500F480D9 /* Utils */ = {
			isa = PBXGroup;
			children = (
				0D8C0F9A27F454FB00F480D9 /* Extensions */,
			);
			path = Utils;
			sourceTree = "<group>";
		};
		0D8C0F9A27F454FB00F480D9 /* Extensions */ = {
			isa = PBXGroup;
			children = (
				0D8C0F9B27F4550500F480D9 /* String+Extensions.swift */,
			);
			path = Extensions;
			sourceTree = "<group>";
		};
		0D8C0F9F27F45A2600F480D9 /* UI */ = {
			isa = PBXGroup;
			children = (
				0D90C37427F4C3B700E12ABF /* TVShow Detail */,
				0D90C36927F48C3D00E12ABF /* Images */,
				0D8C0FA127F4815F00F480D9 /* Home */,
				0D8C0FA027F47A2E00F480D9 /* Util Pages */,
			);
			path = UI;
			sourceTree = "<group>";
		};
		0D8C0FA027F47A2E00F480D9 /* Util Pages */ = {
			isa = PBXGroup;
			children = (
			);
			path = "Util Pages";
			sourceTree = "<group>";
		};
		0D8C0FA127F4815F00F480D9 /* Home */ = {
			isa = PBXGroup;
			children = (
				0D8C0FA227F4819800F480D9 /* TVShowsView.swift */,
				0D8C0FA427F482C600F480D9 /* TVShowItemView.swift */,
			);
			path = Home;
			sourceTree = "<group>";
		};
		0D90C36927F48C3D00E12ABF /* Images */ = {
			isa = PBXGroup;
			children = (
				0D90C36A27F48C5400E12ABF /* FleksyImage.swift */,
			);
			path = Images;
			sourceTree = "<group>";
		};
		0D90C36C27F48E5600E12ABF /* Resources */ = {
			isa = PBXGroup;
			children = (
				0D763F8E27F318090054ADAF /* Assets.xcassets */,
				0D8C0F9127F428C100F480D9 /* UIAppDelegate.swift */,
			);
			path = Resources;
			sourceTree = "<group>";
		};
		0D90C37427F4C3B700E12ABF /* TVShow Detail */ = {
			isa = PBXGroup;
			children = (
				0D90C37527F4C3D600E12ABF /* TVShowDetailsView.swift */,
				0DFA756927F4E1DA001AD339 /* SimilarShowsSlidesView.swift */,
			);
			path = "TVShow Detail";
			sourceTree = "<group>";
		};
/* End PBXGroup section */

/* Begin PBXNativeTarget section */
		0D763F8627F318080054ADAF /* fleksytv */ = {
			isa = PBXNativeTarget;
			buildConfigurationList = 0D763FAB27F318090054ADAF /* Build configuration list for PBXNativeTarget "fleksytv" */;
			buildPhases = (
				0D763F8327F318080054ADAF /* Sources */,
				0D763F8427F318080054ADAF /* Frameworks */,
				0D763F8527F318080054ADAF /* Resources */,
			);
			buildRules = (
			);
			dependencies = (
			);
			name = fleksytv;
			packageProductDependencies = (
			);
			productName = fleksytv;
			productReference = 0D763F8727F318080054ADAF /* fleksytv.app */;
			productType = "com.apple.product-type.application";
		};
		0D763F9627F318090054ADAF /* fleksytvTests */ = {
			isa = PBXNativeTarget;
			buildConfigurationList = 0D763FAE27F318090054ADAF /* Build configuration list for PBXNativeTarget "fleksytvTests" */;
			buildPhases = (
				0D763F9327F318090054ADAF /* Sources */,
				0D763F9427F318090054ADAF /* Frameworks */,
				0D763F9527F318090054ADAF /* Resources */,
			);
			buildRules = (
			);
			dependencies = (
				0D763F9927F318090054ADAF /* PBXTargetDependency */,
			);
			name = fleksytvTests;
			productName = fleksytvTests;
			productReference = 0D763F9727F318090054ADAF /* fleksytvTests.xctest */;
			productType = "com.apple.product-type.bundle.unit-test";
		};
		0D763FA027F318090054ADAF /* fleksytvUITests */ = {
			isa = PBXNativeTarget;
			buildConfigurationList = 0D763FB127F318090054ADAF /* Build configuration list for PBXNativeTarget "fleksytvUITests" */;
			buildPhases = (
				0D763F9D27F318090054ADAF /* Sources */,
				0D763F9E27F318090054ADAF /* Frameworks */,
				0D763F9F27F318090054ADAF /* Resources */,
			);
			buildRules = (
			);
			dependencies = (
				0D763FA327F318090054ADAF /* PBXTargetDependency */,
			);
			name = fleksytvUITests;
			productName = fleksytvUITests;
			productReference = 0D763FA127F318090054ADAF /* fleksytvUITests.xctest */;
			productType = "com.apple.product-type.bundle.ui-testing";
		};
/* End PBXNativeTarget section */

/* Begin PBXProject section */
		0D763F7F27F318080054ADAF /* Project object */ = {
			isa = PBXProject;
			attributes = {
				BuildIndependentTargetsInParallel = 1;
				LastSwiftUpdateCheck = 1300;
				LastUpgradeCheck = 1300;
				TargetAttributes = {
					0D763F8627F318080054ADAF = {
						CreatedOnToolsVersion = 13.0;
					};
					0D763F9627F318090054ADAF = {
						CreatedOnToolsVersion = 13.0;
						TestTargetID = 0D763F8627F318080054ADAF;
					};
					0D763FA027F318090054ADAF = {
						CreatedOnToolsVersion = 13.0;
						TestTargetID = 0D763F8627F318080054ADAF;
					};
				};
			};
			buildConfigurationList = 0D763F8227F318080054ADAF /* Build configuration list for PBXProject "fleksytv" */;
			compatibilityVersion = "Xcode 13.0";
			developmentRegion = en;
			hasScannedForEncodings = 0;
			knownRegions = (
				en,
				Base,
			);
			mainGroup = 0D763F7E27F318080054ADAF;
			packageReferences = (
			);
			productRefGroup = 0D763F8827F318080054ADAF /* Products */;
			projectDirPath = "";
			projectRoot = "";
			targets = (
				0D763F8627F318080054ADAF /* fleksytv */,
				0D763F9627F318090054ADAF /* fleksytvTests */,
				0D763FA027F318090054ADAF /* fleksytvUITests */,
			);
		};
/* End PBXProject section */

/* Begin PBXResourcesBuildPhase section */
		0D763F8527F318080054ADAF /* Resources */ = {
			isa = PBXResourcesBuildPhase;
			buildActionMask = 2147483647;
			files = (
				0D763F9227F318090054ADAF /* Preview Assets.xcassets in Resources */,
				0D763F8F27F318090054ADAF /* Assets.xcassets in Resources */,
			);
			runOnlyForDeploymentPostprocessing = 0;
		};
		0D763F9527F318090054ADAF /* Resources */ = {
			isa = PBXResourcesBuildPhase;
			buildActionMask = 2147483647;
			files = (
			);
			runOnlyForDeploymentPostprocessing = 0;
		};
		0D763F9F27F318090054ADAF /* Resources */ = {
			isa = PBXResourcesBuildPhase;
			buildActionMask = 2147483647;
			files = (
			);
			runOnlyForDeploymentPostprocessing = 0;
		};
/* End PBXResourcesBuildPhase section */

/* Begin PBXSourcesBuildPhase section */
		0D763F8327F318080054ADAF /* Sources */ = {
			isa = PBXSourcesBuildPhase;
			buildActionMask = 2147483647;
			files = (
				0D8C0F9527F42A9B00F480D9 /* APIServerProtocol.swift in Sources */,
				0D8C0F9C27F4550500F480D9 /* String+Extensions.swift in Sources */,
				0D8C0F8C27F371F000F480D9 /* TopRatedTVShowsResponse.swift in Sources */,
				0D8C0FA527F482C600F480D9 /* TVShowItemView.swift in Sources */,
				0D8C0F6E27F3390D00F480D9 /* APIRoutes.swift in Sources */,
				0D8C0F9227F428C100F480D9 /* UIAppDelegate.swift in Sources */,
				0D8C0F7727F35B8200F480D9 /* Configuration.swift in Sources */,
				0D763F8D27F318080054ADAF /* ContentView.swift in Sources */,
				0D8C0F8E27F373AF00F480D9 /* GetGenresResponse.swift in Sources */,
				0D8C0F8327F3627300F480D9 /* UserDefaults+Extension.swift in Sources */,
				0D8C0F7527F352F900F480D9 /* TVShow.swift in Sources */,
				0D763F8B27F318080054ADAF /* fleksytvApp.swift in Sources */,
				0D8C0FA327F4819800F480D9 /* TVShowsView.swift in Sources */,
				0D90C36B27F48C5400E12ABF /* FleksyImage.swift in Sources */,
				0D90C37627F4C3D600E12ABF /* TVShowDetailsView.swift in Sources */,
				0D8C0F8627F36E8700F480D9 /* Genre.swift in Sources */,
				0D8C0F9727F42B3000F480D9 /* APIServer.swift in Sources */,
				0DFA756A27F4E1DA001AD339 /* SimilarShowsSlidesView.swift in Sources */,
			);
			runOnlyForDeploymentPostprocessing = 0;
		};
		0D763F9327F318090054ADAF /* Sources */ = {
			isa = PBXSourcesBuildPhase;
			buildActionMask = 2147483647;
			files = (
				0D763F9C27F318090054ADAF /* fleksytvTests.swift in Sources */,
			);
			runOnlyForDeploymentPostprocessing = 0;
		};
		0D763F9D27F318090054ADAF /* Sources */ = {
			isa = PBXSourcesBuildPhase;
			buildActionMask = 2147483647;
			files = (
				0D763FA827F318090054ADAF /* fleksytvUITestsLaunchTests.swift in Sources */,
				0D763FA627F318090054ADAF /* fleksytvUITests.swift in Sources */,
			);
			runOnlyForDeploymentPostprocessing = 0;
		};
/* End PBXSourcesBuildPhase section */

/* Begin PBXTargetDependency section */
		0D763F9927F318090054ADAF /* PBXTargetDependency */ = {
			isa = PBXTargetDependency;
			target = 0D763F8627F318080054ADAF /* fleksytv */;
			targetProxy = 0D763F9827F318090054ADAF /* PBXContainerItemProxy */;
		};
		0D763FA327F318090054ADAF /* PBXTargetDependency */ = {
			isa = PBXTargetDependency;
			target = 0D763F8627F318080054ADAF /* fleksytv */;
			targetProxy = 0D763FA227F318090054ADAF /* PBXContainerItemProxy */;
		};
/* End PBXTargetDependency section */

/* Begin XCBuildConfiguration section */
		0D763FA927F318090054ADAF /* Debug */ = {
			isa = XCBuildConfiguration;
			buildSettings = {
				ALWAYS_SEARCH_USER_PATHS = NO;
				CLANG_ANALYZER_NONNULL = YES;
				CLANG_ANALYZER_NUMBER_OBJECT_CONVERSION = YES_AGGRESSIVE;
				CLANG_CXX_LANGUAGE_STANDARD = "gnu++17";
				CLANG_CXX_LIBRARY = "libc++";
				CLANG_ENABLE_MODULES = YES;
				CLANG_ENABLE_OBJC_ARC = YES;
				CLANG_ENABLE_OBJC_WEAK = YES;
				CLANG_WARN_BLOCK_CAPTURE_AUTORELEASING = YES;
				CLANG_WARN_BOOL_CONVERSION = YES;
				CLANG_WARN_COMMA = YES;
				CLANG_WARN_CONSTANT_CONVERSION = YES;
				CLANG_WARN_DEPRECATED_OBJC_IMPLEMENTATIONS = YES;
				CLANG_WARN_DIRECT_OBJC_ISA_USAGE = YES_ERROR;
				CLANG_WARN_DOCUMENTATION_COMMENTS = YES;
				CLANG_WARN_EMPTY_BODY = YES;
				CLANG_WARN_ENUM_CONVERSION = YES;
				CLANG_WARN_INFINITE_RECURSION = YES;
				CLANG_WARN_INT_CONVERSION = YES;
				CLANG_WARN_NON_LITERAL_NULL_CONVERSION = YES;
				CLANG_WARN_OBJC_IMPLICIT_RETAIN_SELF = YES;
				CLANG_WARN_OBJC_LITERAL_CONVERSION = YES;
				CLANG_WARN_OBJC_ROOT_CLASS = YES_ERROR;
				CLANG_WARN_QUOTED_INCLUDE_IN_FRAMEWORK_HEADER = YES;
				CLANG_WARN_RANGE_LOOP_ANALYSIS = YES;
				CLANG_WARN_STRICT_PROTOTYPES = YES;
				CLANG_WARN_SUSPICIOUS_MOVE = YES;
				CLANG_WARN_UNGUARDED_AVAILABILITY = YES_AGGRESSIVE;
				CLANG_WARN_UNREACHABLE_CODE = YES;
				CLANG_WARN__DUPLICATE_METHOD_MATCH = YES;
				COPY_PHASE_STRIP = NO;
				DEBUG_INFORMATION_FORMAT = dwarf;
				ENABLE_STRICT_OBJC_MSGSEND = YES;
				ENABLE_TESTABILITY = YES;
				GCC_C_LANGUAGE_STANDARD = gnu11;
				GCC_DYNAMIC_NO_PIC = NO;
				GCC_NO_COMMON_BLOCKS = YES;
				GCC_OPTIMIZATION_LEVEL = 0;
				GCC_PREPROCESSOR_DEFINITIONS = (
					"DEBUG=1",
					"$(inherited)",
				);
				GCC_WARN_64_TO_32_BIT_CONVERSION = YES;
				GCC_WARN_ABOUT_RETURN_TYPE = YES_ERROR;
				GCC_WARN_UNDECLARED_SELECTOR = YES;
				GCC_WARN_UNINITIALIZED_AUTOS = YES_AGGRESSIVE;
				GCC_WARN_UNUSED_FUNCTION = YES;
				GCC_WARN_UNUSED_VARIABLE = YES;
				IPHONEOS_DEPLOYMENT_TARGET = 15.0;
				MTL_ENABLE_DEBUG_INFO = INCLUDE_SOURCE;
				MTL_FAST_MATH = YES;
				ONLY_ACTIVE_ARCH = YES;
				SDKROOT = iphoneos;
				SWIFT_ACTIVE_COMPILATION_CONDITIONS = DEBUG;
				SWIFT_OPTIMIZATION_LEVEL = "-Onone";
			};
			name = Debug;
		};
		0D763FAA27F318090054ADAF /* Release */ = {
			isa = XCBuildConfiguration;
			buildSettings = {
				ALWAYS_SEARCH_USER_PATHS = NO;
				CLANG_ANALYZER_NONNULL = YES;
				CLANG_ANALYZER_NUMBER_OBJECT_CONVERSION = YES_AGGRESSIVE;
				CLANG_CXX_LANGUAGE_STANDARD = "gnu++17";
				CLANG_CXX_LIBRARY = "libc++";
				CLANG_ENABLE_MODULES = YES;
				CLANG_ENABLE_OBJC_ARC = YES;
				CLANG_ENABLE_OBJC_WEAK = YES;
				CLANG_WARN_BLOCK_CAPTURE_AUTORELEASING = YES;
				CLANG_WARN_BOOL_CONVERSION = YES;
				CLANG_WARN_COMMA = YES;
				CLANG_WARN_CONSTANT_CONVERSION = YES;
				CLANG_WARN_DEPRECATED_OBJC_IMPLEMENTATIONS = YES;
				CLANG_WARN_DIRECT_OBJC_ISA_USAGE = YES_ERROR;
				CLANG_WARN_DOCUMENTATION_COMMENTS = YES;
				CLANG_WARN_EMPTY_BODY = YES;
				CLANG_WARN_ENUM_CONVERSION = YES;
				CLANG_WARN_INFINITE_RECURSION = YES;
				CLANG_WARN_INT_CONVERSION = YES;
				CLANG_WARN_NON_LITERAL_NULL_CONVERSION = YES;
				CLANG_WARN_OBJC_IMPLICIT_RETAIN_SELF = YES;
				CLANG_WARN_OBJC_LITERAL_CONVERSION = YES;
				CLANG_WARN_OBJC_ROOT_CLASS = YES_ERROR;
				CLANG_WARN_QUOTED_INCLUDE_IN_FRAMEWORK_HEADER = YES;
				CLANG_WARN_RANGE_LOOP_ANALYSIS = YES;
				CLANG_WARN_STRICT_PROTOTYPES = YES;
				CLANG_WARN_SUSPICIOUS_MOVE = YES;
				CLANG_WARN_UNGUARDED_AVAILABILITY = YES_AGGRESSIVE;
				CLANG_WARN_UNREACHABLE_CODE = YES;
				CLANG_WARN__DUPLICATE_METHOD_MATCH = YES;
				COPY_PHASE_STRIP = NO;
				DEBUG_INFORMATION_FORMAT = "dwarf-with-dsym";
				ENABLE_NS_ASSERTIONS = NO;
				ENABLE_STRICT_OBJC_MSGSEND = YES;
				GCC_C_LANGUAGE_STANDARD = gnu11;
				GCC_NO_COMMON_BLOCKS = YES;
				GCC_WARN_64_TO_32_BIT_CONVERSION = YES;
				GCC_WARN_ABOUT_RETURN_TYPE = YES_ERROR;
				GCC_WARN_UNDECLARED_SELECTOR = YES;
				GCC_WARN_UNINITIALIZED_AUTOS = YES_AGGRESSIVE;
				GCC_WARN_UNUSED_FUNCTION = YES;
				GCC_WARN_UNUSED_VARIABLE = YES;
				IPHONEOS_DEPLOYMENT_TARGET = 15.0;
				MTL_ENABLE_DEBUG_INFO = NO;
				MTL_FAST_MATH = YES;
				SDKROOT = iphoneos;
				SWIFT_COMPILATION_MODE = wholemodule;
				SWIFT_OPTIMIZATION_LEVEL = "-O";
				VALIDATE_PRODUCT = YES;
			};
			name = Release;
		};
		0D763FAC27F318090054ADAF /* Debug */ = {
			isa = XCBuildConfiguration;
			buildSettings = {
				ASSETCATALOG_COMPILER_APPICON_NAME = AppIcon;
				ASSETCATALOG_COMPILER_GLOBAL_ACCENT_COLOR_NAME = AccentColor;
				CODE_SIGN_STYLE = Automatic;
				CURRENT_PROJECT_VERSION = 1;
				DEVELOPMENT_ASSET_PATHS = "\"fleksytv/Preview Content\"";
				DEVELOPMENT_TEAM = 4EG6Z5662E;
				ENABLE_PREVIEWS = YES;
				GENERATE_INFOPLIST_FILE = YES;
				INFOPLIST_KEY_UIApplicationSceneManifest_Generation = YES;
				INFOPLIST_KEY_UIApplicationSupportsIndirectInputEvents = YES;
				INFOPLIST_KEY_UILaunchScreen_Generation = YES;
				INFOPLIST_KEY_UISupportedInterfaceOrientations = UIInterfaceOrientationPortrait;
				INFOPLIST_KEY_UISupportedInterfaceOrientations_iPad = "UIInterfaceOrientationPortrait UIInterfaceOrientationPortraitUpsideDown UIInterfaceOrientationLandscapeLeft UIInterfaceOrientationLandscapeRight";
				INFOPLIST_KEY_UISupportedInterfaceOrientations_iPhone = "UIInterfaceOrientationPortrait UIInterfaceOrientationLandscapeLeft UIInterfaceOrientationLandscapeRight";
				IPHONEOS_DEPLOYMENT_TARGET = 15.0;
				LD_RUNPATH_SEARCH_PATHS = (
					"$(inherited)",
					"@executable_path/Frameworks",
				);
				MARKETING_VERSION = 1.0;
				PRODUCT_BUNDLE_IDENTIFIER = "com.gesit.fleksytv-dev";
				PRODUCT_NAME = "$(TARGET_NAME)";
				SWIFT_EMIT_LOC_STRINGS = YES;
				SWIFT_VERSION = 5.0;
				TARGETED_DEVICE_FAMILY = 1;
			};
			name = Debug;
		};
		0D763FAD27F318090054ADAF /* Release */ = {
			isa = XCBuildConfiguration;
			buildSettings = {
				ASSETCATALOG_COMPILER_APPICON_NAME = AppIcon;
				ASSETCATALOG_COMPILER_GLOBAL_ACCENT_COLOR_NAME = AccentColor;
				CODE_SIGN_STYLE = Automatic;
				CURRENT_PROJECT_VERSION = 1;
				DEVELOPMENT_ASSET_PATHS = "\"fleksytv/Preview Content\"";
				DEVELOPMENT_TEAM = 4EG6Z5662E;
				ENABLE_PREVIEWS = YES;
				GENERATE_INFOPLIST_FILE = YES;
				INFOPLIST_KEY_UIApplicationSceneManifest_Generation = YES;
				INFOPLIST_KEY_UIApplicationSupportsIndirectInputEvents = YES;
				INFOPLIST_KEY_UILaunchScreen_Generation = YES;
				INFOPLIST_KEY_UISupportedInterfaceOrientations = UIInterfaceOrientationPortrait;
				INFOPLIST_KEY_UISupportedInterfaceOrientations_iPad = "UIInterfaceOrientationPortrait UIInterfaceOrientationPortraitUpsideDown UIInterfaceOrientationLandscapeLeft UIInterfaceOrientationLandscapeRight";
				INFOPLIST_KEY_UISupportedInterfaceOrientations_iPhone = "UIInterfaceOrientationPortrait UIInterfaceOrientationLandscapeLeft UIInterfaceOrientationLandscapeRight";
				IPHONEOS_DEPLOYMENT_TARGET = 15.0;
				LD_RUNPATH_SEARCH_PATHS = (
					"$(inherited)",
					"@executable_path/Frameworks",
				);
				MARKETING_VERSION = 1.0;
				PRODUCT_BUNDLE_IDENTIFIER = com.gesit.fleksytv;
				PRODUCT_NAME = "$(TARGET_NAME)";
				SWIFT_ACTIVE_COMPILATION_CONDITIONS = PROD;
				SWIFT_EMIT_LOC_STRINGS = YES;
				SWIFT_VERSION = 5.0;
				TARGETED_DEVICE_FAMILY = 1;
			};
			name = Release;
		};
		0D763FAF27F318090054ADAF /* Debug */ = {
			isa = XCBuildConfiguration;
			buildSettings = {
				ALWAYS_EMBED_SWIFT_STANDARD_LIBRARIES = YES;
				BUNDLE_LOADER = "$(TEST_HOST)";
				CODE_SIGN_STYLE = Automatic;
				CURRENT_PROJECT_VERSION = 1;
				DEVELOPMENT_TEAM = 4EG6Z5662E;
				GENERATE_INFOPLIST_FILE = YES;
				IPHONEOS_DEPLOYMENT_TARGET = 14.0;
				LD_RUNPATH_SEARCH_PATHS = (
					"$(inherited)",
					"@executable_path/Frameworks",
					"@loader_path/Frameworks",
				);
				MARKETING_VERSION = 1.0;
				PRODUCT_BUNDLE_IDENTIFIER = com.gesit.fleksytvTests;
				PRODUCT_NAME = "$(TARGET_NAME)";
				SWIFT_EMIT_LOC_STRINGS = NO;
				SWIFT_VERSION = 5.0;
				TARGETED_DEVICE_FAMILY = "1,2";
				TEST_HOST = "$(BUILT_PRODUCTS_DIR)/fleksytv.app/fleksytv";
			};
			name = Debug;
		};
		0D763FB027F318090054ADAF /* Release */ = {
			isa = XCBuildConfiguration;
			buildSettings = {
				ALWAYS_EMBED_SWIFT_STANDARD_LIBRARIES = YES;
				BUNDLE_LOADER = "$(TEST_HOST)";
				CODE_SIGN_STYLE = Automatic;
				CURRENT_PROJECT_VERSION = 1;
				DEVELOPMENT_TEAM = 4EG6Z5662E;
				GENERATE_INFOPLIST_FILE = YES;
				IPHONEOS_DEPLOYMENT_TARGET = 14.0;
				LD_RUNPATH_SEARCH_PATHS = (
					"$(inherited)",
					"@executable_path/Frameworks",
					"@loader_path/Frameworks",
				);
				MARKETING_VERSION = 1.0;
				PRODUCT_BUNDLE_IDENTIFIER = com.gesit.fleksytvTests;
				PRODUCT_NAME = "$(TARGET_NAME)";
				SWIFT_EMIT_LOC_STRINGS = NO;
				SWIFT_VERSION = 5.0;
				TARGETED_DEVICE_FAMILY = "1,2";
				TEST_HOST = "$(BUILT_PRODUCTS_DIR)/fleksytv.app/fleksytv";
			};
			name = Release;
		};
		0D763FB227F318090054ADAF /* Debug */ = {
			isa = XCBuildConfiguration;
			buildSettings = {
				ALWAYS_EMBED_SWIFT_STANDARD_LIBRARIES = YES;
				CODE_SIGN_STYLE = Automatic;
				CURRENT_PROJECT_VERSION = 1;
				DEVELOPMENT_TEAM = 4EG6Z5662E;
				GENERATE_INFOPLIST_FILE = YES;
				LD_RUNPATH_SEARCH_PATHS = (
					"$(inherited)",
					"@executable_path/Frameworks",
					"@loader_path/Frameworks",
				);
				MARKETING_VERSION = 1.0;
				PRODUCT_BUNDLE_IDENTIFIER = com.gesit.fleksytvUITests;
				PRODUCT_NAME = "$(TARGET_NAME)";
				SWIFT_EMIT_LOC_STRINGS = NO;
				SWIFT_VERSION = 5.0;
				TARGETED_DEVICE_FAMILY = "1,2";
				TEST_TARGET_NAME = fleksytv;
			};
			name = Debug;
		};
		0D763FB327F318090054ADAF /* Release */ = {
			isa = XCBuildConfiguration;
			buildSettings = {
				ALWAYS_EMBED_SWIFT_STANDARD_LIBRARIES = YES;
				CODE_SIGN_STYLE = Automatic;
				CURRENT_PROJECT_VERSION = 1;
				DEVELOPMENT_TEAM = 4EG6Z5662E;
				GENERATE_INFOPLIST_FILE = YES;
				LD_RUNPATH_SEARCH_PATHS = (
					"$(inherited)",
					"@executable_path/Frameworks",
					"@loader_path/Frameworks",
				);
				MARKETING_VERSION = 1.0;
				PRODUCT_BUNDLE_IDENTIFIER = com.gesit.fleksytvUITests;
				PRODUCT_NAME = "$(TARGET_NAME)";
				SWIFT_EMIT_LOC_STRINGS = NO;
				SWIFT_VERSION = 5.0;
				TARGETED_DEVICE_FAMILY = "1,2";
				TEST_TARGET_NAME = fleksytv;
			};
			name = Release;
		};
/* End XCBuildConfiguration section */

/* Begin XCConfigurationList section */
		0D763F8227F318080054ADAF /* Build configuration list for PBXProject "fleksytv" */ = {
			isa = XCConfigurationList;
			buildConfigurations = (
				0D763FA927F318090054ADAF /* Debug */,
				0D763FAA27F318090054ADAF /* Release */,
			);
			defaultConfigurationIsVisible = 0;
			defaultConfigurationName = Release;
		};
		0D763FAB27F318090054ADAF /* Build configuration list for PBXNativeTarget "fleksytv" */ = {
			isa = XCConfigurationList;
			buildConfigurations = (
				0D763FAC27F318090054ADAF /* Debug */,
				0D763FAD27F318090054ADAF /* Release */,
			);
			defaultConfigurationIsVisible = 0;
			defaultConfigurationName = Release;
		};
		0D763FAE27F318090054ADAF /* Build configuration list for PBXNativeTarget "fleksytvTests" */ = {
			isa = XCConfigurationList;
			buildConfigurations = (
				0D763FAF27F318090054ADAF /* Debug */,
				0D763FB027F318090054ADAF /* Release */,
			);
			defaultConfigurationIsVisible = 0;
			defaultConfigurationName = Release;
		};
		0D763FB127F318090054ADAF /* Build configuration list for PBXNativeTarget "fleksytvUITests" */ = {
			isa = XCConfigurationList;
			buildConfigurations = (
				0D763FB227F318090054ADAF /* Debug */,
				0D763FB327F318090054ADAF /* Release */,
			);
			defaultConfigurationIsVisible = 0;
			defaultConfigurationName = Release;
		};
/* End XCConfigurationList section */
	};
	rootObject = 0D763F7F27F318080054ADAF /* Project object */;
}
